
Microsoft Visual Studio Solution File, Format Version 12.00
# Visual Studio Version 16
VisualStudioVersion = 25.0.1706.4
MinimumVisualStudioVersion = 10.0.40219.1
Project("{FAE04EC0-301F-11D3-BF4B-00C04F79EFBC}") = "helloworld", "helloworld\helloworld.csproj", "{FA6387A0-8CFA-4748-BE57-85965FF0499B}"
EndProject
Global
	GlobalSection(SolutionConfigurationPlatforms) = preSolution
		Debug|Any CPU = Debug|Any CPU
		Release|Any CPU = Release|Any CPU
	EndGlobalSection
	GlobalSection(ProjectConfigurationPlatforms) = postSolution
		{FA6387A0-8CFA-4748-BE57-85965FF0499B}.Debug|Any CPU.ActiveCfg = Debug|Any CPU
		{FA6387A0-8CFA-4748-BE57-85965FF0499B}.Debug|Any CPU.Build.0 = Debug|Any CPU
		{FA6387A0-8CFA-4748-BE57-85965FF0499B}.Release|Any CPU.ActiveCfg = Release|Any CPU
		{FA6387A0-8CFA-4748-BE57-85965FF0499B}.Release|Any CPU.Build.0 = Release|Any CPU
	EndGlobalSection
	GlobalSection(SolutionProperties) = preSolution
		HideSolutionNode = FALSE
	EndGlobalSection
	GlobalSection(ExtensibilityGlobals) = postSolution
		SolutionGuid = {DFA5E3E8-CCF2-486A-951D-4F2F17DCAC50}
	EndGlobalSection
EndGlobal
